
Microsoft Visual Studio Solution File, Format Version 12.00
# Visual Studio Version 17
VisualStudioVersion = 17.9.34723.18
MinimumVisualStudioVersion = 10.0.40219.1
Project("{FAE04EC0-301F-11D3-BF4B-00C04F79EFBC}") = "tinkstaje", "tinkstaje.csproj", "{B777CC73-C30A-41F6-871C-C4A64AA12CE7}"
EndProject
Global
	GlobalSection(SolutionConfigurationPlatforms) = preSolution
		Debug|Any CPU = Debug|Any CPU
		Release|Any CPU = Release|Any CPU
	EndGlobalSection
	GlobalSection(ProjectConfigurationPlatforms) = postSolution
		{B777CC73-C30A-41F6-871C-C4A64AA12CE7}.Debug|Any CPU.ActiveCfg = Debug|Any CPU
		{B777CC73-C30A-41F6-871C-C4A64AA12CE7}.Debug|Any CPU.Build.0 = Debug|Any CPU
		{B777CC73-C30A-41F6-871C-C4A64AA12CE7}.Release|Any CPU.ActiveCfg = Release|Any CPU
		{B777CC73-C30A-41F6-871C-C4A64AA12CE7}.Release|Any CPU.Build.0 = Release|Any CPU
	EndGlobalSection
	GlobalSection(SolutionProperties) = preSolution
		HideSolutionNode = FALSE
	EndGlobalSection
	GlobalSection(ExtensibilityGlobals) = postSolution
		SolutionGuid = {1BD279C7-5FD2-4AC6-9675-47CBF384E3FC}
	EndGlobalSection
EndGlobal
